PODS:
  - BIJKPlayer (0.7.8)
  - fijkplayer (0.8.7):
    - BIJKPlayer (~> 0.7.8)
    - Flutter
  - Flutter (1.0.0)
  - flutter_vlc_player (3.0.2):
    - Flutter
    - MobileVLCKit (~> 3.3.12)
  - keyboard_utils (0.0.1):
    - Flutter
  - MobileVLCKit (3.3.13)
  - path_provider (0.0.1):
    - Flutter

DEPENDENCIES:
  - fijkplayer (from `.symlinks/plugins/fijkplayer/ios`)
  - Flutter (from `Flutter`)
  - flutter_vlc_player (from `.symlinks/plugins/flutter_vlc_player/ios`)
  - keyboard_utils (from `.symlinks/plugins/keyboard_utils/ios`)
  - path_provider (from `.symlinks/plugins/path_provider/ios`)

SPEC REPOS:
  trunk:
    - BIJKPlayer
    - MobileVLCKit

EXTERNAL SOURCES:
  fijkplayer:
    :path: ".symlinks/plugins/fijkplayer/ios"
  Flutter:
    :path: Flutter
  flutter_vlc_player:
    :path: ".symlinks/plugins/flutter_vlc_player/ios"
  keyboard_utils:
    :path: ".symlinks/plugins/keyboard_utils/ios"
  path_provider:
    :path: ".symlinks/plugins/path_provider/ios"

SPEC CHECKSUMS:
  BIJKPlayer: 464bcb8d263331228758bfa34b45d00f399c9fb8
  fijkplayer: 0c8728bf3b222203e1fddb08f6899719d88b2b6d
  Flutter: 0e3d915762c693b495b44d77113d4970485de6ec
  flutter_vlc_player: 64a2c27b2c99bc4fb954c5ff9d1cc278c87702ee
  keyboard_utils: ab24bc711be9e91a5937c20489056b8dd650fecc
  MobileVLCKit: 92e1ea43124259417f481c890821efb2399d25e3
  path_provider: abfe2b5c733d04e238b0d8691db0cfd63a27a93c

PODFILE CHECKSUM: a75497545d4391e2d394c3668e20cfb1c2bbd4aa

COCOAPODS: 1.8.4
